<?xml version="1.0" encoding="utf-8"?>
<Project ToolsVersion="4.0" xmlns="http://schemas.microsoft.com/developer/msbuild/2003">
  <ItemGroup>
    <ClCompile Include="CourseObjects\Week 3\Pong\Peddle.cpp" />
    <ClCompile Include="CourseObjects\Week 3\Pong\Wall.cpp" />
    <ClCompile Include="CourseObjects\Week 3\Pong\PongScene.cpp" />
    <ClCompile Include="CourseObjects\Week 3\Pong\Ball.cpp" />
    <ClCompile Include="CourseObjects\Week 3\Pong\TutorialScene.cpp" />
    <ClCompile Include="CourseObjects\Week 4\ModelTestScene.cpp" />
    <ClCompile Include="Materials\DiffuseMaterial.cpp" />
    <ClCompile Include="Materials\SpikeyMaterial.cpp" />
    <ClCompile Include="CourseObjects\Week 5\SpikeyScene.cpp" />
    <ClCompile Include="Materials\ColorMaterial.cpp" />
    <ClCompile Include="CourseObjects\Week 5\SpriteTestScene.cpp" />
    <ClCompile Include="Main.cpp" />
    <ClCompile Include="MainGame.cpp" />
    <ClCompile Include="Materials\PostBlur.cpp" />
    <ClCompile Include="Materials\PostGrayScale.cpp" />
    <ClCompile Include="Materials\SkinnedDiffuseMaterial.cpp" />
    <ClCompile Include="Materials\SkyBoxMaterial.cpp" />
    <ClCompile Include="CourseObjects\Week 10\ParticleScene.cpp" />
    <ClCompile Include="CourseObjects\Week 11\SkyboxScene.cpp" />
    <ClCompile Include="CourseObjects\Week 11\SkyBoxTestScene.cpp" />
    <ClCompile Include="CourseObjects\Week 6\PickScene.cpp" />
    <ClCompile Include="CourseObjects\Week 6\SpriteFontTestScene.cpp" />
    <ClCompile Include="CourseObjects\Week 7\BoneObject.cpp" />
    <ClCompile Include="CourseObjects\Week 7\SkinnedVertex.cpp" />
    <ClCompile Include="CourseObjects\Week 7\SoftwareSkinningScene_1.cpp" />
    <ClCompile Include="CourseObjects\Week 7\SoftwareSkinningScene_2.cpp" />
    <ClCompile Include="CourseObjects\Week 7\SoftwareSkinningScene_3.cpp" />
    <ClCompile Include="CourseObjects\Week 8\HardwareSkinningScene.cpp" />
    <ClCompile Include="CourseObjects\Week 9\PostProcessingScene.cpp" />
    <ClCompile Include="CourseObjects\Week 4\Character.cpp" />
    <ClCompile Include="CourseObjects\Week 4\CharacterTest.cpp" />
    <ClCompile Include="Materials\PointLightMaterial.cpp" />
    <ClCompile Include="Exam\StartScreen.cpp" />
    <ClCompile Include="Exam\Level 1\Environment.cpp" />
    <ClCompile Include="Exam\Level 1\FirstLevelScene.cpp" />
    <ClCompile Include="Exam\Level 1\Key.cpp" />
    <ClCompile Include="Exam\Level 2\SecondLevelScene.cpp" />
    <ClCompile Include="Exam\Level 2\Maze.cpp" />
    <ClCompile Include="Exam\Level 2\Coin.cpp" />
  </ItemGroup>
  <ItemGroup>
    <ClInclude Include="CourseObjects\Week 3\Pong\Peddle.h" />
    <ClInclude Include="CourseObjects\Week 3\Pong\Wall.h" />
    <ClInclude Include="CourseObjects\Week 3\Pong\PongScene.h" />
    <ClInclude Include="CourseObjects\Week 3\Pong\Ball.h" />
    <ClInclude Include="CourseObjects\Week 3\Pong\TutorialScene.h" />
    <ClInclude Include="CourseObjects\Week 4\ModelTestScene.h" />
    <ClInclude Include="Materials\DiffuseMaterial.h" />
    <ClInclude Include="Materials\SpikeyMaterial.h" />
    <ClInclude Include="CourseObjects\Week 5\SpikeyScene.h" />
    <ClInclude Include="Materials\ColorMaterial.h" />
    <ClInclude Include="CourseObjects\Week 5\SpriteTestScene.h" />
    <ClInclude Include="MainGame.h" />
    <ClInclude Include="Materials\PostBlur.h" />
    <ClInclude Include="Materials\PostGrayScale.h" />
    <ClInclude Include="Materials\SkinnedDiffuseMaterial.h" />
    <ClInclude Include="Materials\SkyBoxMaterial.h" />
    <ClInclude Include="CourseObjects\Week 10\ParticleScene.h" />
    <ClInclude Include="CourseObjects\Week 11\SkyboxScene.h" />
    <ClInclude Include="CourseObjects\Week 11\SkyBoxTestScene.h" />
    <ClInclude Include="CourseObjects\Week 6\PickScene.h" />
    <ClInclude Include="CourseObjects\Week 6\SpriteFontTestScene.h" />
    <ClInclude Include="CourseObjects\Week 7\BoneObject.h" />
    <ClInclude Include="CourseObjects\Week 7\SkinnedVertex.h" />
    <ClInclude Include="CourseObjects\Week 7\SoftwareSkinningScene_1.h" />
    <ClInclude Include="CourseObjects\Week 7\SoftwareSkinningScene_2.h" />
    <ClInclude Include="CourseObjects\Week 7\SoftwareSkinningScene_3.h" />
    <ClInclude Include="CourseObjects\Week 8\HardwareSkinningScene.h" />
    <ClInclude Include="CourseObjects\Week 9\PostProcessingScene.h" />
    <ClInclude Include="CourseObjects\Week 4\Character.h" />
    <ClInclude Include="CourseObjects\Week 4\CharacterTest.h" />
    <ClInclude Include="Materials\PointLightMaterial.h" />
    <ClInclude Include="Exam\StartScreen.h" />
    <ClInclude Include="Exam\Level 1\Environment.h" />
    <ClInclude Include="Exam\Level 1\FirstLevelScene.h" />
    <ClInclude Include="Exam\Level 1\Key.h" />
    <ClInclude Include="Exam\Level 2\SecondLevelScene.h" />
    <ClInclude Include="Exam\Level 2\Maze.h" />
    <ClInclude Include="Exam\Level 2\Coin.h" />
  </ItemGroup>
  <ItemGroup>
    <None Include="Resources\Meshes\Bone.ovm" />
    <None Include="Resources\Meshes\Box.ovm" />
    <None Include="Resources\Meshes\Chair.ovm" />
    <None Include="Resources\Meshes\Chair.ovpc" />
    <None Include="Resources\Meshes\Chair.ovpt" />
    <None Include="Resources\Meshes\DragonEgg.ovm" />
    <None Include="Resources\Meshes\DragonEgg.ovpt" />
    <None Include="Resources\Meshes\Knight.ovm" />
    <None Include="Resources\Meshes\Knight.X" />
    <None Include="Resources\Meshes\Nest.ovm" />
    <None Include="Resources\Meshes\Nest.ovpt" />
    <None Include="Resources\Meshes\Racetrack.ovm" />
    <None Include="Resources\Meshes\Racetrack.ovpt" />
    <None Include="Resources\Meshes\Stones.ovm" />
    <None Include="Resources\Meshes\Stones.ovpt" />
    <None Include="Resources\Meshes\Teapot.ovm" />
    <None Include="Resources\Meshes\Terrain.ovm" />
    <None Include="Resources\Meshes\Terrain.ovpt" />
    <None Include="Resources\Meshes\Test.ovm" />
    <None Include="Resources\SpriteFonts\Consolas_32.fnt" />
    <None Include="Resources\Textures\BuildingTexture.tga" />
    <None Include="Resources\Textures\Chair_Dark.tga" />
  </ItemGroup>
  <ItemGroup>
    <Image Include="Resources\SpriteFonts\Consolas_32_0.png" />
    <Image Include="Resources\Textures\BackGroundCube.dds" />
    <Image Include="Resources\Textures\Chair_Dark.bmp" />
    <Image Include="Resources\Textures\Chair_Dark.dds" />
    <Image Include="Resources\Textures\Chair_Dark.jpg" />
    <Image Include="Resources\Textures\DeadScreen.jpg" />
    <Image Include="Resources\Textures\DoorTexture.jpg" />
    <Image Include="Resources\Textures\DragonEggTexture.jpg" />
    <Image Include="Resources\Textures\Grass.jpg" />
    <Image Include="Resources\Textures\GrassAlpha.jpg" />
    <Image Include="Resources\Textures\GrassBladeDiffuse.jpg" />
    <Image Include="Resources\Textures\GrassDiffuse.jpg" />
    <Image Include="Resources\Textures\GrassNoiseMap.jpg" />
    <Image Include="Resources\Textures\HUD.jpg" />
    <Image Include="Resources\Textures\Knight.jpg" />
    <Image Include="Resources\Textures\Nest.jpg" />
    <Image Include="Resources\Textures\NightSky.dds" />
    <Image Include="Resources\Textures\RaceStartScreen.jpg" />
    <Image Include="Resources\Textures\RestartScreen.jpg" />
    <Image Include="Resources\Textures\SkyBox.dds" />
    <Image Include="Resources\Textures\Skytest.jpg" />
    <Image Include="Resources\Textures\Smoke.png" />
    <Image Include="Resources\Textures\StartMenu.jpg" />
    <Image Include="Resources\Textures\Stones.jpg" />
    <Image Include="Resources\Textures\Sunol_Cubemap.dds" />
    <Image Include="Resources\Textures\testTex.jpg" />
    <Image Include="Resources\Textures\tex.jpg" />
  </ItemGroup>
</Project>